
Microsoft Visual Studio Solution File, Format Version 12.00
# Visual Studio Version 16
VisualStudioVersion = 16.0.31005.135
MinimumVisualStudioVersion = 10.0.40219.1
Project("{9A19103F-16F7-4668-BE54-9A1E7A4F7556}") = "Constructor", "CSharpIntro\Constructor.csproj", "{9391AA38-160C-49D2-B9B8-170CE746B580}"
EndProject
Project("{9A19103F-16F7-4668-BE54-9A1E7A4F7556}") = "Generics", "Generics\Generics.csproj", "{9C0D41C1-5A71-4A91-AF37-00D2CEEAE809}"
EndProject
Project("{9A19103F-16F7-4668-BE54-9A1E7A4F7556}") = "Dictionary", "Dictionary\Dictionary.csproj", "{C8501CAB-B386-4F13-BAB8-4CF01BABD572}"
EndProject
Project("{9A19103F-16F7-4668-BE54-9A1E7A4F7556}") = "MyDictionary", "MyDictionary\MyDictionary.csproj", "{0CBBDF08-9223-4A41-B02C-E2261EA2ED90}"
EndProject
Project("{9A19103F-16F7-4668-BE54-9A1E7A4F7556}") = "Classes", "Classes\Classes.csproj", "{0FC9F418-2AE4-4C12-A9B6-3D7C35C4A1B9}"
EndProject
Project("{FAE04EC0-301F-11D3-BF4B-00C04F79EFBC}") = "DamaTahtasi", "DamaTahtasi\DamaTahtasi.csproj", "{53C2B3F8-FDCB-4FBD-9FBD-0F818BE6D530}"
EndProject
Global
	GlobalSection(SolutionConfigurationPlatforms) = preSolution
		Debug|Any CPU = Debug|Any CPU
		Release|Any CPU = Release|Any CPU
	EndGlobalSection
	GlobalSection(ProjectConfigurationPlatforms) = postSolution
		{9391AA38-160C-49D2-B9B8-170CE746B580}.Debug|Any CPU.ActiveCfg = Debug|Any CPU
		{9391AA38-160C-49D2-B9B8-170CE746B580}.Debug|Any CPU.Build.0 = Debug|Any CPU
		{9391AA38-160C-49D2-B9B8-170CE746B580}.Release|Any CPU.ActiveCfg = Release|Any CPU
		{9391AA38-160C-49D2-B9B8-170CE746B580}.Release|Any CPU.Build.0 = Release|Any CPU
		{9C0D41C1-5A71-4A91-AF37-00D2CEEAE809}.Debug|Any CPU.ActiveCfg = Debug|Any CPU
		{9C0D41C1-5A71-4A91-AF37-00D2CEEAE809}.Debug|Any CPU.Build.0 = Debug|Any CPU
		{9C0D41C1-5A71-4A91-AF37-00D2CEEAE809}.Release|Any CPU.ActiveCfg = Release|Any CPU
		{9C0D41C1-5A71-4A91-AF37-00D2CEEAE809}.Release|Any CPU.Build.0 = Release|Any CPU
		{C8501CAB-B386-4F13-BAB8-4CF01BABD572}.Debug|Any CPU.ActiveCfg = Debug|Any CPU
		{C8501CAB-B386-4F13-BAB8-4CF01BABD572}.Debug|Any CPU.Build.0 = Debug|Any CPU
		{C8501CAB-B386-4F13-BAB8-4CF01BABD572}.Release|Any CPU.ActiveCfg = Release|Any CPU
		{C8501CAB-B386-4F13-BAB8-4CF01BABD572}.Release|Any CPU.Build.0 = Release|Any CPU
		{0CBBDF08-9223-4A41-B02C-E2261EA2ED90}.Debug|Any CPU.ActiveCfg = Debug|Any CPU
		{0CBBDF08-9223-4A41-B02C-E2261EA2ED90}.Debug|Any CPU.Build.0 = Debug|Any CPU
		{0CBBDF08-9223-4A41-B02C-E2261EA2ED90}.Release|Any CPU.ActiveCfg = Release|Any CPU
		{0CBBDF08-9223-4A41-B02C-E2261EA2ED90}.Release|Any CPU.Build.0 = Release|Any CPU
		{0FC9F418-2AE4-4C12-A9B6-3D7C35C4A1B9}.Debug|Any CPU.ActiveCfg = Debug|Any CPU
		{0FC9F418-2AE4-4C12-A9B6-3D7C35C4A1B9}.Debug|Any CPU.Build.0 = Debug|Any CPU
		{0FC9F418-2AE4-4C12-A9B6-3D7C35C4A1B9}.Release|Any CPU.ActiveCfg = Release|Any CPU
		{0FC9F418-2AE4-4C12-A9B6-3D7C35C4A1B9}.Release|Any CPU.Build.0 = Release|Any CPU
		{53C2B3F8-FDCB-4FBD-9FBD-0F818BE6D530}.Debug|Any CPU.ActiveCfg = Debug|Any CPU
		{53C2B3F8-FDCB-4FBD-9FBD-0F818BE6D530}.Debug|Any CPU.Build.0 = Debug|Any CPU
		{53C2B3F8-FDCB-4FBD-9FBD-0F818BE6D530}.Release|Any CPU.ActiveCfg = Release|Any CPU
		{53C2B3F8-FDCB-4FBD-9FBD-0F818BE6D530}.Release|Any CPU.Build.0 = Release|Any CPU
	EndGlobalSection
	GlobalSection(SolutionProperties) = preSolution
		HideSolutionNode = FALSE
	EndGlobalSection
	GlobalSection(ExtensibilityGlobals) = postSolution
		SolutionGuid = {E8575B42-8A18-4E86-B9A0-EF73BE321662}
	EndGlobalSection
EndGlobal
